
Microsoft Visual Studio Solution File, Format Version 12.00
# Visual Studio 2012
Project("{FAE04EC0-301F-11D3-BF4B-00C04F79EFBC}") = "NHibernate.Cache.DynamicCacheBuster", "NHibernate.Cache.DynamicCacheBuster\NHibernate.Cache.DynamicCacheBuster.csproj", "{F3C1F50F-91AA-43C7-8DB8-1410026D61B1}"
EndProject
Project("{FAE04EC0-301F-11D3-BF4B-00C04F79EFBC}") = "NHibernate.Cache.DynamicCacheBuster.Sample", "NHibernate.Cache.DynamicCacheBuster.Sample\NHibernate.Cache.DynamicCacheBuster.Sample.csproj", "{464BEC47-0513-422C-8B2B-F60D2E6631FA}"
EndProject
Global
	GlobalSection(SolutionConfigurationPlatforms) = preSolution
		Debug|Any CPU = Debug|Any CPU
		Release|Any CPU = Release|Any CPU
	EndGlobalSection
	GlobalSection(ProjectConfigurationPlatforms) = postSolution
		{F3C1F50F-91AA-43C7-8DB8-1410026D61B1}.Debug|Any CPU.ActiveCfg = Debug|Any CPU
		{F3C1F50F-91AA-43C7-8DB8-1410026D61B1}.Debug|Any CPU.Build.0 = Debug|Any CPU
		{F3C1F50F-91AA-43C7-8DB8-1410026D61B1}.Release|Any CPU.ActiveCfg = Release|Any CPU
		{F3C1F50F-91AA-43C7-8DB8-1410026D61B1}.Release|Any CPU.Build.0 = Release|Any CPU
		{464BEC47-0513-422C-8B2B-F60D2E6631FA}.Debug|Any CPU.ActiveCfg = Debug|Any CPU
		{464BEC47-0513-422C-8B2B-F60D2E6631FA}.Debug|Any CPU.Build.0 = Debug|Any CPU
		{464BEC47-0513-422C-8B2B-F60D2E6631FA}.Release|Any CPU.ActiveCfg = Release|Any CPU
		{464BEC47-0513-422C-8B2B-F60D2E6631FA}.Release|Any CPU.Build.0 = Release|Any CPU
	EndGlobalSection
	GlobalSection(SolutionProperties) = preSolution
		HideSolutionNode = FALSE
	EndGlobalSection
EndGlobal
